{
  "originHash" : "40f3b862fb29ea2fba241e72cee3add0d4d39e6c129666706dfab61c30d359a0",
  "pins" : [
    {
      "identity" : "ansi",
      "kind" : "remoteSourceControl",
      "location" : "https://github.com/leviouwendijk/ANSI",
      "state" : {
        "branch" : "master",
        "revision" : "073d9ca7870b688a312608acf14eae6ba052c0d6"
      }
    },
    {
      "identity" : "async-http-client",
      "kind" : "remoteSourceControl",
      "location" : "https://github.com/swift-server/async-http-client.git",
      "state" : {
        "revision" : "3a5b74a58782c3b4c1f0bc75e9b67b10c2494e8f",
        "version" : "1.33.1"
      }
    },
    {
      "identity" : "async-kit",
      "kind" : "remoteSourceControl",
      "location" : "https://github.com/vapor/async-kit.git",
      "state" : {
        "revision" : "6bbb83cbf9d886623a967a965c8fb1b73e6566f9",
        "version" : "1.22.0"
      }
    },
    {
      "identity" : "commerce",
      "kind" : "remoteSourceControl",
      "location" : "https://github.com/leviouwendijk/Commerce.git",
      "state" : {
        "branch" : "master",
        "revision" : "2fbd84458c4a1c07e14e633587f21836569b3e99"
      }
    },
    {
      "identity" : "console-kit",
      "kind" : "remoteSourceControl",
      "location" : "https://github.com/vapor/console-kit.git",
      "state" : {
        "revision" : "32ad16dfc7677b927b225595ed18f3debb32f577",
        "version" : "4.16.0"
      }
    },
    {
      "identity" : "constructors",
      "kind" : "remoteSourceControl",
      "location" : "https://github.com/leviouwendijk/Constructors.git",
      "state" : {
        "branch" : "master",
        "revision" : "9a3d6f415cb7b47e3c8e57a5567739ad95263d4b"
      }
    },
    {
      "identity" : "css",
      "kind" : "remoteSourceControl",
      "location" : "https://github.com/leviouwendijk/CSS.git",
      "state" : {
        "branch" : "master",
        "revision" : "68f20037a981a7f2ce1268cfb7e59fc9464d716f"
      }
    },
    {
      "identity" : "difference",
      "kind" : "remoteSourceControl",
      "location" : "https://github.com/leviouwendijk/Difference.git",
      "state" : {
        "branch" : "master",
        "revision" : "395508c460782f6ec334c842eaef3856a628874b"
      }
    },
    {
      "identity" : "dsl",
      "kind" : "remoteSourceControl",
      "location" : "https://github.com/leviouwendijk/DSL.git",
      "state" : {
        "branch" : "master",
        "revision" : "703dbdf2da2a9fe814a1843f35dfb7104229f4eb"
      }
    },
    {
      "identity" : "economics",
      "kind" : "remoteSourceControl",
      "location" : "https://github.com/leviouwendijk/Economics.git",
      "state" : {
        "branch" : "master",
        "revision" : "3968be1a148b8324d6d00f832e3d5f844f813220"
      }
    },
    {
      "identity" : "extensions",
      "kind" : "remoteSourceControl",
      "location" : "https://github.com/leviouwendijk/Extensions.git",
      "state" : {
        "branch" : "master",
        "revision" : "095eaf44e94235a56291f37dc56f36ff1674805c"
      }
    },
    {
      "identity" : "fluent",
      "kind" : "remoteSourceControl",
      "location" : "https://github.com/vapor/fluent.git",
      "state" : {
        "revision" : "2fe9e36daf4bdb5edcf193e0d0806ba2074d2864",
        "version" : "4.13.0"
      }
    },
    {
      "identity" : "fluent-kit",
      "kind" : "remoteSourceControl",
      "location" : "https://github.com/vapor/fluent-kit.git",
      "state" : {
        "revision" : "ec094096d715593c4944cb9aeb72a633faa82918",
        "version" : "1.56.0"
      }
    },
    {
      "identity" : "fluent-postgres-driver",
      "kind" : "remoteSourceControl",
      "location" : "https://github.com/vapor/fluent-postgres-driver.git",
      "state" : {
        "revision" : "59bff45a41d1ece1950bb8a6e0006d88c1fb6e69",
        "version" : "2.12.0"
      }
    },
    {
      "identity" : "html",
      "kind" : "remoteSourceControl",
      "location" : "https://github.com/leviouwendijk/HTML.git",
      "state" : {
        "branch" : "master",
        "revision" : "27657e5ec38bd0921e64d795c8e7a33b2c1195fc"
      }
    },
    {
      "identity" : "indentation",
      "kind" : "remoteSourceControl",
      "location" : "https://github.com/leviouwendijk/Indentation.git",
      "state" : {
        "branch" : "master",
        "revision" : "8b85325433aa97ee19c9c77f564500be189978d6"
      }
    },
    {
      "identity" : "interfaces",
      "kind" : "remoteSourceControl",
      "location" : "https://github.com/leviouwendijk/Interfaces.git",
      "state" : {
        "branch" : "master",
        "revision" : "a5b873f541a936155dfb9e8a7c1a2f401513f9fa"
      }
    },
    {
      "identity" : "js",
      "kind" : "remoteSourceControl",
      "location" : "https://github.com/leviouwendijk/JS.git",
      "state" : {
        "branch" : "master",
        "revision" : "09b61d8c0f29a225569d280938f86c2e4f2407bc"
      }
    },
    {
      "identity" : "jwt-kit",
      "kind" : "remoteSourceControl",
      "location" : "https://github.com/vapor/jwt-kit.git",
      "state" : {
        "revision" : "13e7513b3ba0afa13967daf77af2fb4ad087306c",
        "version" : "4.13.5"
      }
    },
    {
      "identity" : "loggers",
      "kind" : "remoteSourceControl",
      "location" : "https://github.com/leviouwendijk/Loggers.git",
      "state" : {
        "branch" : "master",
        "revision" : "e3984dd411d2cc9c9310bf7edc93df4dc3a86b5a"
      }
    },
    {
      "identity" : "methods",
      "kind" : "remoteSourceControl",
      "location" : "https://github.com/leviouwendijk/Methods.git",
      "state" : {
        "branch" : "master",
        "revision" : "47d7bf31c1e547238c1900fe4a1f6961b6cc19bb"
      }
    },
    {
      "identity" : "milieu",
      "kind" : "remoteSourceControl",
      "location" : "https://github.com/leviouwendijk/Milieu.git",
      "state" : {
        "branch" : "master",
        "revision" : "242e890af20eb5f77087cf116ae9374f1f809b2a"
      }
    },
    {
      "identity" : "multipart-kit",
      "kind" : "remoteSourceControl",
      "location" : "https://github.com/vapor/multipart-kit.git",
      "state" : {
        "revision" : "3498e60218e6003894ff95192d756e238c01f44e",
        "version" : "4.7.1"
      }
    },
    {
      "identity" : "parsing",
      "kind" : "remoteSourceControl",
      "location" : "https://github.com/leviouwendijk/Parsing.git",
      "state" : {
        "branch" : "master",
        "revision" : "38e346697615fbb32fdac86e6528c18104d89334"
      }
    },
    {
      "identity" : "path",
      "kind" : "remoteSourceControl",
      "location" : "https://github.com/leviouwendijk/Path.git",
      "state" : {
        "branch" : "master",
        "revision" : "4cd4330d8d4e9b32f9d3c1b705ff3f7f30fd9311"
      }
    },
    {
      "identity" : "plate",
      "kind" : "remoteSourceControl",
      "location" : "https://github.com/leviouwendijk/plate.git",
      "state" : {
        "branch" : "master",
        "revision" : "26a9ad356170c95f7db92d5d207d8850bf6af05b"
      }
    },
    {
      "identity" : "position",
      "kind" : "remoteSourceControl",
      "location" : "https://github.com/leviouwendijk/Position.git",
      "state" : {
        "branch" : "master",
        "revision" : "70fd78230c3452d9a4471222d64324a2c084351d"
      }
    },
    {
      "identity" : "postgres-kit",
      "kind" : "remoteSourceControl",
      "location" : "https://github.com/vapor/postgres-kit.git",
      "state" : {
        "revision" : "7c079553e9cda74811e627775bf22e40a9405ad9",
        "version" : "2.15.1"
      }
    },
    {
      "identity" : "postgres-nio",
      "kind" : "remoteSourceControl",
      "location" : "https://github.com/vapor/postgres-nio.git",
      "state" : {
        "revision" : "26b1d6825e7101ec4118fc208aa4574442319792",
        "version" : "1.32.2"
      }
    },
    {
      "identity" : "primitives",
      "kind" : "remoteSourceControl",
      "location" : "https://github.com/leviouwendijk/Primitives.git",
      "state" : {
        "branch" : "master",
        "revision" : "88c0aad7d912d13fcc9131ac271d1691da998355"
      }
    },
    {
      "identity" : "protocolcomponents",
      "kind" : "remoteSourceControl",
      "location" : "https://github.com/leviouwendijk/ProtocolComponents.git",
      "state" : {
        "branch" : "master",
        "revision" : "866ef7b22350aac41f455c5b2188f95f411a4507"
      }
    },
    {
      "identity" : "psql",
      "kind" : "remoteSourceControl",
      "location" : "https://github.com/leviouwendijk/PSQL.git",
      "state" : {
        "branch" : "master",
        "revision" : "f9fde94afd91f3eff626690d08ca542545d6abfa"
      }
    },
    {
      "identity" : "registry",
      "kind" : "remoteSourceControl",
      "location" : "https://github.com/leviouwendijk/Registry.git",
      "state" : {
        "branch" : "master",
        "revision" : "49966bb43475aae8231356853a2f1303d95346eb"
      }
    },
    {
      "identity" : "routing-kit",
      "kind" : "remoteSourceControl",
      "location" : "https://github.com/vapor/routing-kit.git",
      "state" : {
        "revision" : "1a10ccea61e4248effd23b6e814999ce7bdf0ee0",
        "version" : "4.9.3"
      }
    },
    {
      "identity" : "sql-kit",
      "kind" : "remoteSourceControl",
      "location" : "https://github.com/vapor/sql-kit.git",
      "state" : {
        "revision" : "3779cedb44b1f374f2cca261c6d28f206024a582",
        "version" : "3.36.0"
      }
    },
    {
      "identity" : "strings",
      "kind" : "remoteSourceControl",
      "location" : "https://github.com/leviouwendijk/Strings.git",
      "state" : {
        "branch" : "master",
        "revision" : "86a939d7bbb3e25808f88fbcedcee4069a5a5ae1"
      }
    },
    {
      "identity" : "structures",
      "kind" : "remoteSourceControl",
      "location" : "https://github.com/leviouwendijk/Structures.git",
      "state" : {
        "branch" : "master",
        "revision" : "9d15616883ba87dc6de20cdaf02b0b2c5590a792"
      }
    },
    {
      "identity" : "surfaces",
      "kind" : "remoteSourceControl",
      "location" : "https://github.com/leviouwendijk/Surfaces.git",
      "state" : {
        "branch" : "master",
        "revision" : "c545da2c7b5993557c6ece5f072a2c7ef28ec595"
      }
    },
    {
      "identity" : "swift-algorithms",
      "kind" : "remoteSourceControl",
      "location" : "https://github.com/apple/swift-algorithms.git",
      "state" : {
        "revision" : "87e50f483c54e6efd60e885f7f5aa946cee68023",
        "version" : "1.2.1"
      }
    },
    {
      "identity" : "swift-asn1",
      "kind" : "remoteSourceControl",
      "location" : "https://github.com/apple/swift-asn1.git",
      "state" : {
        "revision" : "eb50cbd14606a9161cbc5d452f18797c90ef0bab",
        "version" : "1.7.0"
      }
    },
    {
      "identity" : "swift-async-algorithms",
      "kind" : "remoteSourceControl",
      "location" : "https://github.com/apple/swift-async-algorithms.git",
      "state" : {
        "revision" : "9d349bcc328ac3c31ce40e746b5882742a0d1272",
        "version" : "1.1.3"
      }
    },
    {
      "identity" : "swift-atomics",
      "kind" : "remoteSourceControl",
      "location" : "https://github.com/apple/swift-atomics.git",
      "state" : {
        "revision" : "b601256eab081c0f92f059e12818ac1d4f178ff7",
        "version" : "1.3.0"
      }
    },
    {
      "identity" : "swift-certificates",
      "kind" : "remoteSourceControl",
      "location" : "https://github.com/apple/swift-certificates.git",
      "state" : {
        "revision" : "5aa1c0d1bc204908df47c2075bdbb39573d05e8d",
        "version" : "1.19.0"
      }
    },
    {
      "identity" : "swift-collections",
      "kind" : "remoteSourceControl",
      "location" : "https://github.com/apple/swift-collections.git",
      "state" : {
        "revision" : "6675bc0ff86e61436e615df6fc5174e043e57924",
        "version" : "1.4.1"
      }
    },
    {
      "identity" : "swift-configuration",
      "kind" : "remoteSourceControl",
      "location" : "https://github.com/apple/swift-configuration.git",
      "state" : {
        "revision" : "be76c4ad929eb6c4bcaf3351799f2adf9e6848a9",
        "version" : "1.2.0"
      }
    },
    {
      "identity" : "swift-crypto",
      "kind" : "remoteSourceControl",
      "location" : "https://github.com/apple/swift-crypto.git",
      "state" : {
        "revision" : "95ba0316a9b733e92bb6b071255ff46263bbe7dc",
        "version" : "3.15.1"
      }
    },
    {
      "identity" : "swift-distributed-tracing",
      "kind" : "remoteSourceControl",
      "location" : "https://github.com/apple/swift-distributed-tracing.git",
      "state" : {
        "revision" : "dc4030184203ffafbb2ec614352487235d747fe0",
        "version" : "1.4.1"
      }
    },
    {
      "identity" : "swift-http-structured-headers",
      "kind" : "remoteSourceControl",
      "location" : "https://github.com/apple/swift-http-structured-headers.git",
      "state" : {
        "revision" : "933538faa42c432d385f02e07df0ace7c5ecfc47",
        "version" : "1.7.0"
      }
    },
    {
      "identity" : "swift-http-types",
      "kind" : "remoteSourceControl",
      "location" : "https://github.com/apple/swift-http-types.git",
      "state" : {
        "revision" : "45eb0224913ea070ec4fba17291b9e7ecf4749ca",
        "version" : "1.5.1"
      }
    },
    {
      "identity" : "swift-log",
      "kind" : "remoteSourceControl",
      "location" : "https://github.com/apple/swift-log.git",
      "state" : {
        "revision" : "5073617dac96330a486245e4c0179cb0a6fd2256",
        "version" : "1.12.0"
      }
    },
    {
      "identity" : "swift-metrics",
      "kind" : "remoteSourceControl",
      "location" : "https://github.com/apple/swift-metrics.git",
      "state" : {
        "revision" : "c6593dac9d65f2517280d88c430dadffdf259737",
        "version" : "2.10.0"
      }
    },
    {
      "identity" : "swift-nio",
      "kind" : "remoteSourceControl",
      "location" : "https://github.com/apple/swift-nio.git",
      "state" : {
        "revision" : "cd6710454f25733900e133c6caf5188952763c36",
        "version" : "2.98.0"
      }
    },
    {
      "identity" : "swift-nio-extras",
      "kind" : "remoteSourceControl",
      "location" : "https://github.com/apple/swift-nio-extras.git",
      "state" : {
        "revision" : "5a48717e29f62cb8326d6d42e46b562ca93847a6",
        "version" : "1.34.0"
      }
    },
    {
      "identity" : "swift-nio-http2",
      "kind" : "remoteSourceControl",
      "location" : "https://github.com/apple/swift-nio-http2.git",
      "state" : {
        "revision" : "81cc18264f92cd307ff98430f89372711d4f6fe9",
        "version" : "1.43.0"
      }
    },
    {
      "identity" : "swift-nio-ssl",
      "kind" : "remoteSourceControl",
      "location" : "https://github.com/apple/swift-nio-ssl.git",
      "state" : {
        "revision" : "3f337058ccd7243c4cac7911477d8ad4c598d4da",
        "version" : "2.37.0"
      }
    },
    {
      "identity" : "swift-nio-transport-services",
      "kind" : "remoteSourceControl",
      "location" : "https://github.com/apple/swift-nio-transport-services.git",
      "state" : {
        "revision" : "9d4e67af1eea85967c7de778ad73e7776e5f1f22",
        "version" : "1.27.0"
      }
    },
    {
      "identity" : "swift-numerics",
      "kind" : "remoteSourceControl",
      "location" : "https://github.com/apple/swift-numerics.git",
      "state" : {
        "revision" : "0c0290ff6b24942dadb83a929ffaaa1481df04a2",
        "version" : "1.1.1"
      }
    },
    {
      "identity" : "swift-service-context",
      "kind" : "remoteSourceControl",
      "location" : "https://github.com/apple/swift-service-context.git",
      "state" : {
        "revision" : "d0997351b0c7779017f88e7a93bc30a1878d7f29",
        "version" : "1.3.0"
      }
    },
    {
      "identity" : "swift-service-lifecycle",
      "kind" : "remoteSourceControl",
      "location" : "https://github.com/swift-server/swift-service-lifecycle.git",
      "state" : {
        "revision" : "9829955b385e5bb88128b73f1b8389e9b9c3191a",
        "version" : "2.11.0"
      }
    },
    {
      "identity" : "swift-system",
      "kind" : "remoteSourceControl",
      "location" : "https://github.com/apple/swift-system.git",
      "state" : {
        "revision" : "7c6ad0fc39d0763e0b699210e4124afd5041c5df",
        "version" : "1.6.4"
      }
    },
    {
      "identity" : "terminal",
      "kind" : "remoteSourceControl",
      "location" : "https://github.com/leviouwendijk/Terminal.git",
      "state" : {
        "branch" : "master",
        "revision" : "d4a3338604127da3c6e8c42ff62d8468cbfe9f4a"
      }
    },
    {
      "identity" : "vapor",
      "kind" : "remoteSourceControl",
      "location" : "https://github.com/vapor/vapor.git",
      "state" : {
        "revision" : "cfd8f434843ac7850e2d97f46c1aa5ddb906cf1c",
        "version" : "4.121.4"
      }
    },
    {
      "identity" : "variables",
      "kind" : "remoteSourceControl",
      "location" : "https://github.com/leviouwendijk/Variables.git",
      "state" : {
        "branch" : "master",
        "revision" : "c533569cd399d8d4762f5f4f8241e2234735c6d0"
      }
    },
    {
      "identity" : "version",
      "kind" : "remoteSourceControl",
      "location" : "https://github.com/leviouwendijk/Version.git",
      "state" : {
        "branch" : "master",
        "revision" : "a7eeda6e3b84eca36f61366e5d420787c9aba69f"
      }
    },
    {
      "identity" : "websocket-kit",
      "kind" : "remoteSourceControl",
      "location" : "https://github.com/vapor/websocket-kit.git",
      "state" : {
        "revision" : "90bbbdab3ede12c803cfbe91646f291c092517a3",
        "version" : "2.16.2"
      }
    },
    {
      "identity" : "writers",
      "kind" : "remoteSourceControl",
      "location" : "https://github.com/leviouwendijk/Writers.git",
      "state" : {
        "branch" : "master",
        "revision" : "af830559aef8032edccf0e80623a2ed6e1a575f7"
      }
    }
  ],
  "version" : 3
}
