{
  "originHash" : "40f3b862fb29ea2fba241e72cee3add0d4d39e6c129666706dfab61c30d359a0",
  "pins" : [
    {
      "identity" : "async-http-client",
      "kind" : "remoteSourceControl",
      "location" : "https://github.com/swift-server/async-http-client.git",
      "state" : {
        "revision" : "2fc4652fb4689eb24af10e55cabaa61d8ba774fd",
        "version" : "1.32.0"
      }
    },
    {
      "identity" : "async-kit",
      "kind" : "remoteSourceControl",
      "location" : "https://github.com/vapor/async-kit.git",
      "state" : {
        "revision" : "6f3615ccf2ac3c2ae0c8087d527546e9544a43dd",
        "version" : "1.21.0"
      }
    },
    {
      "identity" : "commerce",
      "kind" : "remoteSourceControl",
      "location" : "https://github.com/leviouwendijk/Commerce.git",
      "state" : {
        "branch" : "master",
        "revision" : "2fbd84458c4a1c07e14e633587f21836569b3e99"
      }
    },
    {
      "identity" : "console-kit",
      "kind" : "remoteSourceControl",
      "location" : "https://github.com/vapor/console-kit.git",
      "state" : {
        "revision" : "742f624a998cba2a9e653d9b1e91ad3f3a5dff6b",
        "version" : "4.15.2"
      }
    },
    {
      "identity" : "constructors",
      "kind" : "remoteSourceControl",
      "location" : "https://github.com/leviouwendijk/Constructors.git",
      "state" : {
        "branch" : "master",
        "revision" : "124431fc40fb1b488ccf09b608d2aba488446c3f"
      }
    },
    {
      "identity" : "css",
      "kind" : "remoteSourceControl",
      "location" : "https://github.com/leviouwendijk/CSS.git",
      "state" : {
        "branch" : "master",
        "revision" : "728d40142a7640ee4c3d0072194d39045e9afa9e"
      }
    },
    {
      "identity" : "economics",
      "kind" : "remoteSourceControl",
      "location" : "https://github.com/leviouwendijk/Economics.git",
      "state" : {
        "branch" : "master",
        "revision" : "3968be1a148b8324d6d00f832e3d5f844f813220"
      }
    },
    {
      "identity" : "extensions",
      "kind" : "remoteSourceControl",
      "location" : "https://github.com/leviouwendijk/Extensions.git",
      "state" : {
        "branch" : "master",
        "revision" : "095eaf44e94235a56291f37dc56f36ff1674805c"
      }
    },
    {
      "identity" : "fluent",
      "kind" : "remoteSourceControl",
      "location" : "https://github.com/vapor/fluent.git",
      "state" : {
        "revision" : "2fe9e36daf4bdb5edcf193e0d0806ba2074d2864",
        "version" : "4.13.0"
      }
    },
    {
      "identity" : "fluent-kit",
      "kind" : "remoteSourceControl",
      "location" : "https://github.com/vapor/fluent-kit.git",
      "state" : {
        "revision" : "f8f38b81009bb84eb2cb017b8914f44d3dde5ed5",
        "version" : "1.55.0"
      }
    },
    {
      "identity" : "fluent-postgres-driver",
      "kind" : "remoteSourceControl",
      "location" : "https://github.com/vapor/fluent-postgres-driver.git",
      "state" : {
        "revision" : "59bff45a41d1ece1950bb8a6e0006d88c1fb6e69",
        "version" : "2.12.0"
      }
    },
    {
      "identity" : "html",
      "kind" : "remoteSourceControl",
      "location" : "https://github.com/leviouwendijk/HTML.git",
      "state" : {
        "branch" : "master",
        "revision" : "ae845dd14fb416b8c7e13cfcd2d92b082fdf815f"
      }
    },
    {
      "identity" : "indentation",
      "kind" : "remoteSourceControl",
      "location" : "https://github.com/leviouwendijk/Indentation.git",
      "state" : {
        "branch" : "master",
        "revision" : "8b85325433aa97ee19c9c77f564500be189978d6"
      }
    },
    {
      "identity" : "interfaces",
      "kind" : "remoteSourceControl",
      "location" : "https://github.com/leviouwendijk/Interfaces.git",
      "state" : {
        "branch" : "master",
        "revision" : "a5b873f541a936155dfb9e8a7c1a2f401513f9fa"
      }
    },
    {
      "identity" : "js",
      "kind" : "remoteSourceControl",
      "location" : "https://github.com/leviouwendijk/JS.git",
      "state" : {
        "branch" : "master",
        "revision" : "96eeea629aa6ad252ec11da15da7df2a34a871e5"
      }
    },
    {
      "identity" : "jwt-kit",
      "kind" : "remoteSourceControl",
      "location" : "https://github.com/vapor/jwt-kit.git",
      "state" : {
        "revision" : "13e7513b3ba0afa13967daf77af2fb4ad087306c",
        "version" : "4.13.5"
      }
    },
    {
      "identity" : "loggers",
      "kind" : "remoteSourceControl",
      "location" : "https://github.com/leviouwendijk/Loggers.git",
      "state" : {
        "branch" : "master",
        "revision" : "2de48b468a3be0b1d4f0c47310628ec5b53d46e9"
      }
    },
    {
      "identity" : "methods",
      "kind" : "remoteSourceControl",
      "location" : "https://github.com/leviouwendijk/Methods.git",
      "state" : {
        "branch" : "master",
        "revision" : "c8f7182aa3ddffa106e7d35aa5dd12f0873f63d4"
      }
    },
    {
      "identity" : "milieu",
      "kind" : "remoteSourceControl",
      "location" : "https://github.com/leviouwendijk/Milieu.git",
      "state" : {
        "branch" : "master",
        "revision" : "242e890af20eb5f77087cf116ae9374f1f809b2a"
      }
    },
    {
      "identity" : "multipart-kit",
      "kind" : "remoteSourceControl",
      "location" : "https://github.com/vapor/multipart-kit.git",
      "state" : {
        "revision" : "3498e60218e6003894ff95192d756e238c01f44e",
        "version" : "4.7.1"
      }
    },
    {
      "identity" : "path",
      "kind" : "remoteSourceControl",
      "location" : "https://github.com/leviouwendijk/Path.git",
      "state" : {
        "branch" : "master",
        "revision" : "2617c9ceebfedd886f9dae31fe5646474bdf3cff"
      }
    },
    {
      "identity" : "plate",
      "kind" : "remoteSourceControl",
      "location" : "https://github.com/leviouwendijk/plate.git",
      "state" : {
        "branch" : "master",
        "revision" : "b83a19b7d494bffd85d36da5733520c2b475ef80"
      }
    },
    {
      "identity" : "postgres-kit",
      "kind" : "remoteSourceControl",
      "location" : "https://github.com/vapor/postgres-kit.git",
      "state" : {
        "revision" : "7c079553e9cda74811e627775bf22e40a9405ad9",
        "version" : "2.15.1"
      }
    },
    {
      "identity" : "postgres-nio",
      "kind" : "remoteSourceControl",
      "location" : "https://github.com/vapor/postgres-nio.git",
      "state" : {
        "revision" : "ea1b42104a24cee93c9a9b2b2b8498598b3cfd81",
        "version" : "1.32.0"
      }
    },
    {
      "identity" : "primitives",
      "kind" : "remoteSourceControl",
      "location" : "https://github.com/leviouwendijk/Primitives.git",
      "state" : {
        "branch" : "master",
        "revision" : "f7c2d22952ba235c3078b590ccf695ac783e87fe"
      }
    },
    {
      "identity" : "protocolcomponents",
      "kind" : "remoteSourceControl",
      "location" : "https://github.com/leviouwendijk/ProtocolComponents.git",
      "state" : {
        "branch" : "master",
        "revision" : "1d300607d190d21fdf29eb19868828ef8a1791ea"
      }
    },
    {
      "identity" : "psql",
      "kind" : "remoteSourceControl",
      "location" : "https://github.com/leviouwendijk/PSQL.git",
      "state" : {
        "branch" : "master",
        "revision" : "f9fde94afd91f3eff626690d08ca542545d6abfa"
      }
    },
    {
      "identity" : "registry",
      "kind" : "remoteSourceControl",
      "location" : "https://github.com/leviouwendijk/Registry.git",
      "state" : {
        "branch" : "master",
        "revision" : "49966bb43475aae8231356853a2f1303d95346eb"
      }
    },
    {
      "identity" : "routing-kit",
      "kind" : "remoteSourceControl",
      "location" : "https://github.com/vapor/routing-kit.git",
      "state" : {
        "revision" : "1a10ccea61e4248effd23b6e814999ce7bdf0ee0",
        "version" : "4.9.3"
      }
    },
    {
      "identity" : "sql-kit",
      "kind" : "remoteSourceControl",
      "location" : "https://github.com/vapor/sql-kit.git",
      "state" : {
        "revision" : "c0ea243ffeb8b5ff9e20a281e44003c6abb8896f",
        "version" : "3.34.0"
      }
    },
    {
      "identity" : "strings",
      "kind" : "remoteSourceControl",
      "location" : "https://github.com/leviouwendijk/Strings.git",
      "state" : {
        "branch" : "master",
        "revision" : "86a939d7bbb3e25808f88fbcedcee4069a5a5ae1"
      }
    },
    {
      "identity" : "structures",
      "kind" : "remoteSourceControl",
      "location" : "https://github.com/leviouwendijk/Structures.git",
      "state" : {
        "branch" : "master",
        "revision" : "8c82699ca9a25c36d4a26674629da6e6e44b06e4"
      }
    },
    {
      "identity" : "surfaces",
      "kind" : "remoteSourceControl",
      "location" : "https://github.com/leviouwendijk/Surfaces.git",
      "state" : {
        "branch" : "master",
        "revision" : "f4a9c49cac4935f6f66d4d5cbe723097b6f6e434"
      }
    },
    {
      "identity" : "swift-algorithms",
      "kind" : "remoteSourceControl",
      "location" : "https://github.com/apple/swift-algorithms.git",
      "state" : {
        "revision" : "87e50f483c54e6efd60e885f7f5aa946cee68023",
        "version" : "1.2.1"
      }
    },
    {
      "identity" : "swift-asn1",
      "kind" : "remoteSourceControl",
      "location" : "https://github.com/apple/swift-asn1.git",
      "state" : {
        "revision" : "810496cf121e525d660cd0ea89a758740476b85f",
        "version" : "1.5.1"
      }
    },
    {
      "identity" : "swift-async-algorithms",
      "kind" : "remoteSourceControl",
      "location" : "https://github.com/apple/swift-async-algorithms.git",
      "state" : {
        "revision" : "9d349bcc328ac3c31ce40e746b5882742a0d1272",
        "version" : "1.1.3"
      }
    },
    {
      "identity" : "swift-atomics",
      "kind" : "remoteSourceControl",
      "location" : "https://github.com/apple/swift-atomics.git",
      "state" : {
        "revision" : "b601256eab081c0f92f059e12818ac1d4f178ff7",
        "version" : "1.3.0"
      }
    },
    {
      "identity" : "swift-certificates",
      "kind" : "remoteSourceControl",
      "location" : "https://github.com/apple/swift-certificates.git",
      "state" : {
        "revision" : "24ccdeeeed4dfaae7955fcac9dbf5489ed4f1a25",
        "version" : "1.18.0"
      }
    },
    {
      "identity" : "swift-collections",
      "kind" : "remoteSourceControl",
      "location" : "https://github.com/apple/swift-collections.git",
      "state" : {
        "revision" : "7b847a3b7008b2dc2f47ca3110d8c782fb2e5c7e",
        "version" : "1.3.0"
      }
    },
    {
      "identity" : "swift-configuration",
      "kind" : "remoteSourceControl",
      "location" : "https://github.com/apple/swift-configuration.git",
      "state" : {
        "revision" : "be76c4ad929eb6c4bcaf3351799f2adf9e6848a9",
        "version" : "1.2.0"
      }
    },
    {
      "identity" : "swift-crypto",
      "kind" : "remoteSourceControl",
      "location" : "https://github.com/apple/swift-crypto.git",
      "state" : {
        "revision" : "95ba0316a9b733e92bb6b071255ff46263bbe7dc",
        "version" : "3.15.1"
      }
    },
    {
      "identity" : "swift-distributed-tracing",
      "kind" : "remoteSourceControl",
      "location" : "https://github.com/apple/swift-distributed-tracing.git",
      "state" : {
        "revision" : "e109d8b5308d0e05201d9a1dd1c475446a946a11",
        "version" : "1.4.0"
      }
    },
    {
      "identity" : "swift-http-structured-headers",
      "kind" : "remoteSourceControl",
      "location" : "https://github.com/apple/swift-http-structured-headers.git",
      "state" : {
        "revision" : "76d7627bd88b47bf5a0f8497dd244885960dde0b",
        "version" : "1.6.0"
      }
    },
    {
      "identity" : "swift-http-types",
      "kind" : "remoteSourceControl",
      "location" : "https://github.com/apple/swift-http-types.git",
      "state" : {
        "revision" : "45eb0224913ea070ec4fba17291b9e7ecf4749ca",
        "version" : "1.5.1"
      }
    },
    {
      "identity" : "swift-log",
      "kind" : "remoteSourceControl",
      "location" : "https://github.com/apple/swift-log.git",
      "state" : {
        "revision" : "bbd81b6725ae874c69e9b8c8804d462356b55523",
        "version" : "1.10.1"
      }
    },
    {
      "identity" : "swift-metrics",
      "kind" : "remoteSourceControl",
      "location" : "https://github.com/apple/swift-metrics.git",
      "state" : {
        "revision" : "f17c111cec972c2a4922cef38cf64f76f7e87886",
        "version" : "2.8.0"
      }
    },
    {
      "identity" : "swift-nio",
      "kind" : "remoteSourceControl",
      "location" : "https://github.com/apple/swift-nio.git",
      "state" : {
        "revision" : "e932d3c4d8f77433c8f7093b5ebcbf91463948a0",
        "version" : "2.95.0"
      }
    },
    {
      "identity" : "swift-nio-extras",
      "kind" : "remoteSourceControl",
      "location" : "https://github.com/apple/swift-nio-extras.git",
      "state" : {
        "revision" : "3df009d563dc9f21a5c85b33d8c2e34d2e4f8c3b",
        "version" : "1.32.1"
      }
    },
    {
      "identity" : "swift-nio-http2",
      "kind" : "remoteSourceControl",
      "location" : "https://github.com/apple/swift-nio-http2.git",
      "state" : {
        "revision" : "b6571f3db40799df5a7fc0e92c399aa71c883edd",
        "version" : "1.40.0"
      }
    },
    {
      "identity" : "swift-nio-ssl",
      "kind" : "remoteSourceControl",
      "location" : "https://github.com/apple/swift-nio-ssl.git",
      "state" : {
        "revision" : "173cc69a058623525a58ae6710e2f5727c663793",
        "version" : "2.36.0"
      }
    },
    {
      "identity" : "swift-nio-transport-services",
      "kind" : "remoteSourceControl",
      "location" : "https://github.com/apple/swift-nio-transport-services.git",
      "state" : {
        "revision" : "60c3e187154421171721c1a38e800b390680fb5d",
        "version" : "1.26.0"
      }
    },
    {
      "identity" : "swift-numerics",
      "kind" : "remoteSourceControl",
      "location" : "https://github.com/apple/swift-numerics.git",
      "state" : {
        "revision" : "0c0290ff6b24942dadb83a929ffaaa1481df04a2",
        "version" : "1.1.1"
      }
    },
    {
      "identity" : "swift-service-context",
      "kind" : "remoteSourceControl",
      "location" : "https://github.com/apple/swift-service-context.git",
      "state" : {
        "revision" : "d0997351b0c7779017f88e7a93bc30a1878d7f29",
        "version" : "1.3.0"
      }
    },
    {
      "identity" : "swift-service-lifecycle",
      "kind" : "remoteSourceControl",
      "location" : "https://github.com/swift-server/swift-service-lifecycle.git",
      "state" : {
        "revision" : "89888196dd79c61c50bca9a103d8114f32e1e598",
        "version" : "2.10.1"
      }
    },
    {
      "identity" : "swift-system",
      "kind" : "remoteSourceControl",
      "location" : "https://github.com/apple/swift-system.git",
      "state" : {
        "revision" : "7c6ad0fc39d0763e0b699210e4124afd5041c5df",
        "version" : "1.6.4"
      }
    },
    {
      "identity" : "terminal",
      "kind" : "remoteSourceControl",
      "location" : "https://github.com/leviouwendijk/Terminal.git",
      "state" : {
        "branch" : "master",
        "revision" : "972943a2d925f8ba4bebf99c1af590de8fe896e0"
      }
    },
    {
      "identity" : "vapor",
      "kind" : "remoteSourceControl",
      "location" : "https://github.com/vapor/vapor.git",
      "state" : {
        "revision" : "a8db2dbda8b3cdc8a61bd35128590bd296e85563",
        "version" : "4.121.3"
      }
    },
    {
      "identity" : "variables",
      "kind" : "remoteSourceControl",
      "location" : "https://github.com/leviouwendijk/Variables.git",
      "state" : {
        "branch" : "master",
        "revision" : "c533569cd399d8d4762f5f4f8241e2234735c6d0"
      }
    },
    {
      "identity" : "version",
      "kind" : "remoteSourceControl",
      "location" : "https://github.com/leviouwendijk/Version.git",
      "state" : {
        "branch" : "master",
        "revision" : "a7eeda6e3b84eca36f61366e5d420787c9aba69f"
      }
    },
    {
      "identity" : "websocket-kit",
      "kind" : "remoteSourceControl",
      "location" : "https://github.com/vapor/websocket-kit.git",
      "state" : {
        "revision" : "8666c92dbbb3c8eefc8008c9c8dcf50bfd302167",
        "version" : "2.16.1"
      }
    },
    {
      "identity" : "writers",
      "kind" : "remoteSourceControl",
      "location" : "https://github.com/leviouwendijk/Writers.git",
      "state" : {
        "branch" : "master",
        "revision" : "6084ab52b34ab2433000ad865cfa13bd6fe3b804"
      }
    }
  ],
  "version" : 3
}
